
Microsoft Visual Studio Solution File, Format Version 12.00
# Visual Studio Version 16
VisualStudioVersion = 16.0.30413.136
MinimumVisualStudioVersion = 10.0.40219.1
Project("{9A19103F-16F7-4668-BE54-9A1E7A4F7556}") = "MovieLibrary.ConsoleHost", "MovieLibrary.ConsoleHost\MovieLibrary.ConsoleHost.csproj", "{4DC3CCCD-0BB6-4C00-9853-3EA462FD2847}"
EndProject
Project("{FAE04EC0-301F-11D3-BF4B-00C04F79EFBC}") = "MovieLibrary.WinformsHost", "MovieLibrary.WinformsHost\MovieLibrary.WinformsHost.csproj", "{8D6062B4-9CC8-4130-B728-B4FD34517A96}"
EndProject
Project("{FAE04EC0-301F-11D3-BF4B-00C04F79EFBC}") = "MovieLibrary", "MovieLibrary\MovieLibrary.csproj", "{D6A30A1C-8711-4409-90F7-C72167273B87}"
EndProject
Project("{2150E333-8FDC-42A3-9474-1A3956D46DE8}") = "UI", "UI", "{035D7F46-D887-48B2-8DB1-48F566E93691}"
EndProject
Global
	GlobalSection(SolutionConfigurationPlatforms) = preSolution
		Debug|Any CPU = Debug|Any CPU
		Release|Any CPU = Release|Any CPU
	EndGlobalSection
	GlobalSection(ProjectConfigurationPlatforms) = postSolution
		{4DC3CCCD-0BB6-4C00-9853-3EA462FD2847}.Debug|Any CPU.ActiveCfg = Debug|Any CPU
		{4DC3CCCD-0BB6-4C00-9853-3EA462FD2847}.Debug|Any CPU.Build.0 = Debug|Any CPU
		{4DC3CCCD-0BB6-4C00-9853-3EA462FD2847}.Release|Any CPU.ActiveCfg = Release|Any CPU
		{4DC3CCCD-0BB6-4C00-9853-3EA462FD2847}.Release|Any CPU.Build.0 = Release|Any CPU
		{8D6062B4-9CC8-4130-B728-B4FD34517A96}.Debug|Any CPU.ActiveCfg = Debug|Any CPU
		{8D6062B4-9CC8-4130-B728-B4FD34517A96}.Debug|Any CPU.Build.0 = Debug|Any CPU
		{8D6062B4-9CC8-4130-B728-B4FD34517A96}.Release|Any CPU.ActiveCfg = Release|Any CPU
		{8D6062B4-9CC8-4130-B728-B4FD34517A96}.Release|Any CPU.Build.0 = Release|Any CPU
		{D6A30A1C-8711-4409-90F7-C72167273B87}.Debug|Any CPU.ActiveCfg = Debug|Any CPU
		{D6A30A1C-8711-4409-90F7-C72167273B87}.Debug|Any CPU.Build.0 = Debug|Any CPU
		{D6A30A1C-8711-4409-90F7-C72167273B87}.Release|Any CPU.ActiveCfg = Release|Any CPU
		{D6A30A1C-8711-4409-90F7-C72167273B87}.Release|Any CPU.Build.0 = Release|Any CPU
	EndGlobalSection
	GlobalSection(SolutionProperties) = preSolution
		HideSolutionNode = FALSE
	EndGlobalSection
	GlobalSection(NestedProjects) = preSolution
		{4DC3CCCD-0BB6-4C00-9853-3EA462FD2847} = {035D7F46-D887-48B2-8DB1-48F566E93691}
	EndGlobalSection
	GlobalSection(ExtensibilityGlobals) = postSolution
		SolutionGuid = {88E31B89-D2B4-4B99-B4BD-EDE7D5108915}
	EndGlobalSection
EndGlobal
